
Microsoft Visual Studio Solution File, Format Version 10.00
# Visual Studio 2008
Project("{FAE04EC0-301F-11D3-BF4B-00C04F79EFBC}") = "Timesheet.UI", "src\Timesheet.UI\Timesheet.UI.csproj", "{2BECFBD8-767C-48C0-AFB9-60359020FDAB}"
EndProject
Project("{FAE04EC0-301F-11D3-BF4B-00C04F79EFBC}") = "Timesheet.Domain", "src\Timesheet.Domain\Timesheet.Domain.csproj", "{7A2E3C85-8DF8-49DB-9269-4EE290CCC51E}"
EndProject
Project("{FAE04EC0-301F-11D3-BF4B-00C04F79EFBC}") = "Timesheet.Domain.Test", "src\Timesheet.Domain.Test\Timesheet.Domain.Test.csproj", "{9F57B49F-0769-491B-8F83-58D1174A9A59}"
EndProject
Project("{FAE04EC0-301F-11D3-BF4B-00C04F79EFBC}") = "Utilities", "src\Utilities\Utilities.csproj", "{5F62AE4D-9638-4EDE-A29E-C50830C1E3E9}"
EndProject
Project("{FAE04EC0-301F-11D3-BF4B-00C04F79EFBC}") = "TestUtilities", "src\TestUtilities\TestUtilities.csproj", "{629423F0-D2D1-4A9F-8A9B-38515DE63C00}"
EndProject
Project("{FAE04EC0-301F-11D3-BF4B-00C04F79EFBC}") = "Utilities.Structuremap", "Utilities.Structuremap\Utilities.Structuremap.csproj", "{1BBA9104-F1D6-424F-8003-85103035EEF4}"
EndProject
Global
	GlobalSection(SolutionConfigurationPlatforms) = preSolution
		Debug|Any CPU = Debug|Any CPU
		Release|Any CPU = Release|Any CPU
	EndGlobalSection
	GlobalSection(ProjectConfigurationPlatforms) = postSolution
		{2BECFBD8-767C-48C0-AFB9-60359020FDAB}.Debug|Any CPU.ActiveCfg = Debug|Any CPU
		{2BECFBD8-767C-48C0-AFB9-60359020FDAB}.Debug|Any CPU.Build.0 = Debug|Any CPU
		{2BECFBD8-767C-48C0-AFB9-60359020FDAB}.Release|Any CPU.ActiveCfg = Release|Any CPU
		{2BECFBD8-767C-48C0-AFB9-60359020FDAB}.Release|Any CPU.Build.0 = Release|Any CPU
		{7A2E3C85-8DF8-49DB-9269-4EE290CCC51E}.Debug|Any CPU.ActiveCfg = Debug|Any CPU
		{7A2E3C85-8DF8-49DB-9269-4EE290CCC51E}.Debug|Any CPU.Build.0 = Debug|Any CPU
		{7A2E3C85-8DF8-49DB-9269-4EE290CCC51E}.Release|Any CPU.ActiveCfg = Release|Any CPU
		{7A2E3C85-8DF8-49DB-9269-4EE290CCC51E}.Release|Any CPU.Build.0 = Release|Any CPU
		{9F57B49F-0769-491B-8F83-58D1174A9A59}.Debug|Any CPU.ActiveCfg = Debug|Any CPU
		{9F57B49F-0769-491B-8F83-58D1174A9A59}.Debug|Any CPU.Build.0 = Debug|Any CPU
		{9F57B49F-0769-491B-8F83-58D1174A9A59}.Release|Any CPU.ActiveCfg = Release|Any CPU
		{9F57B49F-0769-491B-8F83-58D1174A9A59}.Release|Any CPU.Build.0 = Release|Any CPU
		{5F62AE4D-9638-4EDE-A29E-C50830C1E3E9}.Debug|Any CPU.ActiveCfg = Debug|Any CPU
		{5F62AE4D-9638-4EDE-A29E-C50830C1E3E9}.Debug|Any CPU.Build.0 = Debug|Any CPU
		{5F62AE4D-9638-4EDE-A29E-C50830C1E3E9}.Release|Any CPU.ActiveCfg = Release|Any CPU
		{5F62AE4D-9638-4EDE-A29E-C50830C1E3E9}.Release|Any CPU.Build.0 = Release|Any CPU
		{629423F0-D2D1-4A9F-8A9B-38515DE63C00}.Debug|Any CPU.ActiveCfg = Debug|Any CPU
		{629423F0-D2D1-4A9F-8A9B-38515DE63C00}.Debug|Any CPU.Build.0 = Debug|Any CPU
		{629423F0-D2D1-4A9F-8A9B-38515DE63C00}.Release|Any CPU.ActiveCfg = Release|Any CPU
		{629423F0-D2D1-4A9F-8A9B-38515DE63C00}.Release|Any CPU.Build.0 = Release|Any CPU
		{1BBA9104-F1D6-424F-8003-85103035EEF4}.Debug|Any CPU.ActiveCfg = Debug|Any CPU
		{1BBA9104-F1D6-424F-8003-85103035EEF4}.Debug|Any CPU.Build.0 = Debug|Any CPU
		{1BBA9104-F1D6-424F-8003-85103035EEF4}.Release|Any CPU.ActiveCfg = Release|Any CPU
		{1BBA9104-F1D6-424F-8003-85103035EEF4}.Release|Any CPU.Build.0 = Release|Any CPU
	EndGlobalSection
	GlobalSection(SolutionProperties) = preSolution
		HideSolutionNode = FALSE
	EndGlobalSection
EndGlobal
